
Microsoft Visual Studio Solution File, Format Version 12.00
# Visual Studio 2012
Project("{FAE04EC0-301F-11D3-BF4B-00C04F79EFBC}") = "Ordem_servico", "Ordem_servico\Ordem_servico.csproj", "{A4718A9C-E888-4AC8-BE3D-36100CBAF5FA}"
EndProject
Project("{FAE04EC0-301F-11D3-BF4B-00C04F79EFBC}") = "AcessaDados", "AcessaDados\AcessaDados.csproj", "{A83E437A-BFBE-43AD-93CB-95AE7BD6249A}"
EndProject
Project("{FAE04EC0-301F-11D3-BF4B-00C04F79EFBC}") = "TransferenciaObjetos", "TransferenciaObjetos\TransferenciaObjetos.csproj", "{508F65FB-A5A4-4479-B034-BFBD5EE57A6A}"
EndProject
Project("{FAE04EC0-301F-11D3-BF4B-00C04F79EFBC}") = "Negocio", "Negocio\Negocio.csproj", "{E7A64E47-EA60-44A5-A0B2-4B1593AD812B}"
EndProject
Project("{FAE04EC0-301F-11D3-BF4B-00C04F79EFBC}") = "Murta.QueryFactory", "Murta.QueryFactor\Murta.QueryFactory.csproj", "{EFF2D089-9D32-4843-B80D-516FEB81B8CD}"
EndProject
Project("{FAE04EC0-301F-11D3-BF4B-00C04F79EFBC}") = "Murta.OrdemServico.Dto", "Murta.Dto\Murta.OrdemServico.Dto.csproj", "{95F99421-4468-4B84-AF88-7BC34828A55F}"
EndProject
Project("{FAE04EC0-301F-11D3-BF4B-00C04F79EFBC}") = "Murta.OrdemServico.Dal", "Murta.OrdemServico.Dal\Murta.OrdemServico.Dal.csproj", "{8FB47C88-DC62-4D8F-A14A-9FA56A512E70}"
EndProject
Project("{FAE04EC0-301F-11D3-BF4B-00C04F79EFBC}") = "Murta.OrdemServico.Bll", "Murta.OrdemServico.Bll\Murta.OrdemServico.Bll.csproj", "{CCDA59C4-9B31-404C-BF81-F743CCF914EB}"
EndProject
Project("{FAE04EC0-301F-11D3-BF4B-00C04F79EFBC}") = "Murta.Apoio", "Murta.Apoio\Murta.Apoio.csproj", "{59ABB96D-1339-4943-94F7-2ECD275B95EB}"
EndProject
Project("{FAE04EC0-301F-11D3-BF4B-00C04F79EFBC}") = "OrdemServicoWP8Client", "OrdemServicoWP8Client\OrdemServicoWP8Client.csproj", "{AA039879-8F13-4E6C-B9A4-511750BC96AF}"
EndProject
Project("{FAE04EC0-301F-11D3-BF4B-00C04F79EFBC}") = "Murta.OrdemServico.TDD", "Murta.OrdemServico.TDD\Murta.OrdemServico.TDD.csproj", "{4CBDDBFD-1555-4FA7-AA53-5BE2DECB76F9}"
EndProject
Global
	GlobalSection(SolutionConfigurationPlatforms) = preSolution
		Debug|Any CPU = Debug|Any CPU
		Debug|ARM = Debug|ARM
		Debug|x86 = Debug|x86
		Release|Any CPU = Release|Any CPU
		Release|ARM = Release|ARM
		Release|x86 = Release|x86
	EndGlobalSection
	GlobalSection(ProjectConfigurationPlatforms) = postSolution
		{A4718A9C-E888-4AC8-BE3D-36100CBAF5FA}.Debug|Any CPU.ActiveCfg = Debug|Any CPU
		{A4718A9C-E888-4AC8-BE3D-36100CBAF5FA}.Debug|Any CPU.Build.0 = Debug|Any CPU
		{A4718A9C-E888-4AC8-BE3D-36100CBAF5FA}.Debug|ARM.ActiveCfg = Debug|Any CPU
		{A4718A9C-E888-4AC8-BE3D-36100CBAF5FA}.Debug|x86.ActiveCfg = Debug|Any CPU
		{A4718A9C-E888-4AC8-BE3D-36100CBAF5FA}.Release|Any CPU.ActiveCfg = Release|Any CPU
		{A4718A9C-E888-4AC8-BE3D-36100CBAF5FA}.Release|Any CPU.Build.0 = Release|Any CPU
		{A4718A9C-E888-4AC8-BE3D-36100CBAF5FA}.Release|ARM.ActiveCfg = Release|Any CPU
		{A4718A9C-E888-4AC8-BE3D-36100CBAF5FA}.Release|x86.ActiveCfg = Release|Any CPU
		{A83E437A-BFBE-43AD-93CB-95AE7BD6249A}.Debug|Any CPU.ActiveCfg = Debug|Any CPU
		{A83E437A-BFBE-43AD-93CB-95AE7BD6249A}.Debug|Any CPU.Build.0 = Debug|Any CPU
		{A83E437A-BFBE-43AD-93CB-95AE7BD6249A}.Debug|ARM.ActiveCfg = Debug|Any CPU
		{A83E437A-BFBE-43AD-93CB-95AE7BD6249A}.Debug|x86.ActiveCfg = Debug|Any CPU
		{A83E437A-BFBE-43AD-93CB-95AE7BD6249A}.Release|Any CPU.ActiveCfg = Release|Any CPU
		{A83E437A-BFBE-43AD-93CB-95AE7BD6249A}.Release|Any CPU.Build.0 = Release|Any CPU
		{A83E437A-BFBE-43AD-93CB-95AE7BD6249A}.Release|ARM.ActiveCfg = Release|Any CPU
		{A83E437A-BFBE-43AD-93CB-95AE7BD6249A}.Release|x86.ActiveCfg = Release|Any CPU
		{508F65FB-A5A4-4479-B034-BFBD5EE57A6A}.Debug|Any CPU.ActiveCfg = Debug|Any CPU
		{508F65FB-A5A4-4479-B034-BFBD5EE57A6A}.Debug|Any CPU.Build.0 = Debug|Any CPU
		{508F65FB-A5A4-4479-B034-BFBD5EE57A6A}.Debug|ARM.ActiveCfg = Debug|Any CPU
		{508F65FB-A5A4-4479-B034-BFBD5EE57A6A}.Debug|x86.ActiveCfg = Debug|Any CPU
		{508F65FB-A5A4-4479-B034-BFBD5EE57A6A}.Release|Any CPU.ActiveCfg = Release|Any CPU
		{508F65FB-A5A4-4479-B034-BFBD5EE57A6A}.Release|Any CPU.Build.0 = Release|Any CPU
		{508F65FB-A5A4-4479-B034-BFBD5EE57A6A}.Release|ARM.ActiveCfg = Release|Any CPU
		{508F65FB-A5A4-4479-B034-BFBD5EE57A6A}.Release|x86.ActiveCfg = Release|Any CPU
		{E7A64E47-EA60-44A5-A0B2-4B1593AD812B}.Debug|Any CPU.ActiveCfg = Debug|Any CPU
		{E7A64E47-EA60-44A5-A0B2-4B1593AD812B}.Debug|Any CPU.Build.0 = Debug|Any CPU
		{E7A64E47-EA60-44A5-A0B2-4B1593AD812B}.Debug|ARM.ActiveCfg = Debug|Any CPU
		{E7A64E47-EA60-44A5-A0B2-4B1593AD812B}.Debug|x86.ActiveCfg = Debug|Any CPU
		{E7A64E47-EA60-44A5-A0B2-4B1593AD812B}.Release|Any CPU.ActiveCfg = Release|Any CPU
		{E7A64E47-EA60-44A5-A0B2-4B1593AD812B}.Release|Any CPU.Build.0 = Release|Any CPU
		{E7A64E47-EA60-44A5-A0B2-4B1593AD812B}.Release|ARM.ActiveCfg = Release|Any CPU
		{E7A64E47-EA60-44A5-A0B2-4B1593AD812B}.Release|x86.ActiveCfg = Release|Any CPU
		{EFF2D089-9D32-4843-B80D-516FEB81B8CD}.Debug|Any CPU.ActiveCfg = Debug|Any CPU
		{EFF2D089-9D32-4843-B80D-516FEB81B8CD}.Debug|Any CPU.Build.0 = Debug|Any CPU
		{EFF2D089-9D32-4843-B80D-516FEB81B8CD}.Debug|ARM.ActiveCfg = Debug|Any CPU
		{EFF2D089-9D32-4843-B80D-516FEB81B8CD}.Debug|x86.ActiveCfg = Debug|Any CPU
		{EFF2D089-9D32-4843-B80D-516FEB81B8CD}.Release|Any CPU.ActiveCfg = Release|Any CPU
		{EFF2D089-9D32-4843-B80D-516FEB81B8CD}.Release|Any CPU.Build.0 = Release|Any CPU
		{EFF2D089-9D32-4843-B80D-516FEB81B8CD}.Release|ARM.ActiveCfg = Release|Any CPU
		{EFF2D089-9D32-4843-B80D-516FEB81B8CD}.Release|x86.ActiveCfg = Release|Any CPU
		{95F99421-4468-4B84-AF88-7BC34828A55F}.Debug|Any CPU.ActiveCfg = Debug|Any CPU
		{95F99421-4468-4B84-AF88-7BC34828A55F}.Debug|Any CPU.Build.0 = Debug|Any CPU
		{95F99421-4468-4B84-AF88-7BC34828A55F}.Debug|ARM.ActiveCfg = Debug|Any CPU
		{95F99421-4468-4B84-AF88-7BC34828A55F}.Debug|x86.ActiveCfg = Debug|Any CPU
		{95F99421-4468-4B84-AF88-7BC34828A55F}.Release|Any CPU.ActiveCfg = Release|Any CPU
		{95F99421-4468-4B84-AF88-7BC34828A55F}.Release|Any CPU.Build.0 = Release|Any CPU
		{95F99421-4468-4B84-AF88-7BC34828A55F}.Release|ARM.ActiveCfg = Release|Any CPU
		{95F99421-4468-4B84-AF88-7BC34828A55F}.Release|x86.ActiveCfg = Release|Any CPU
		{8FB47C88-DC62-4D8F-A14A-9FA56A512E70}.Debug|Any CPU.ActiveCfg = Debug|Any CPU
		{8FB47C88-DC62-4D8F-A14A-9FA56A512E70}.Debug|Any CPU.Build.0 = Debug|Any CPU
		{8FB47C88-DC62-4D8F-A14A-9FA56A512E70}.Debug|ARM.ActiveCfg = Debug|Any CPU
		{8FB47C88-DC62-4D8F-A14A-9FA56A512E70}.Debug|x86.ActiveCfg = Debug|Any CPU
		{8FB47C88-DC62-4D8F-A14A-9FA56A512E70}.Release|Any CPU.ActiveCfg = Release|Any CPU
		{8FB47C88-DC62-4D8F-A14A-9FA56A512E70}.Release|Any CPU.Build.0 = Release|Any CPU
		{8FB47C88-DC62-4D8F-A14A-9FA56A512E70}.Release|ARM.ActiveCfg = Release|Any CPU
		{8FB47C88-DC62-4D8F-A14A-9FA56A512E70}.Release|x86.ActiveCfg = Release|Any CPU
		{CCDA59C4-9B31-404C-BF81-F743CCF914EB}.Debug|Any CPU.ActiveCfg = Debug|Any CPU
		{CCDA59C4-9B31-404C-BF81-F743CCF914EB}.Debug|Any CPU.Build.0 = Debug|Any CPU
		{CCDA59C4-9B31-404C-BF81-F743CCF914EB}.Debug|ARM.ActiveCfg = Debug|Any CPU
		{CCDA59C4-9B31-404C-BF81-F743CCF914EB}.Debug|x86.ActiveCfg = Debug|Any CPU
		{CCDA59C4-9B31-404C-BF81-F743CCF914EB}.Release|Any CPU.ActiveCfg = Release|Any CPU
		{CCDA59C4-9B31-404C-BF81-F743CCF914EB}.Release|Any CPU.Build.0 = Release|Any CPU
		{CCDA59C4-9B31-404C-BF81-F743CCF914EB}.Release|ARM.ActiveCfg = Release|Any CPU
		{CCDA59C4-9B31-404C-BF81-F743CCF914EB}.Release|x86.ActiveCfg = Release|Any CPU
		{59ABB96D-1339-4943-94F7-2ECD275B95EB}.Debug|Any CPU.ActiveCfg = Debug|Any CPU
		{59ABB96D-1339-4943-94F7-2ECD275B95EB}.Debug|Any CPU.Build.0 = Debug|Any CPU
		{59ABB96D-1339-4943-94F7-2ECD275B95EB}.Debug|ARM.ActiveCfg = Debug|Any CPU
		{59ABB96D-1339-4943-94F7-2ECD275B95EB}.Debug|x86.ActiveCfg = Debug|Any CPU
		{59ABB96D-1339-4943-94F7-2ECD275B95EB}.Release|Any CPU.ActiveCfg = Release|Any CPU
		{59ABB96D-1339-4943-94F7-2ECD275B95EB}.Release|Any CPU.Build.0 = Release|Any CPU
		{59ABB96D-1339-4943-94F7-2ECD275B95EB}.Release|ARM.ActiveCfg = Release|Any CPU
		{59ABB96D-1339-4943-94F7-2ECD275B95EB}.Release|x86.ActiveCfg = Release|Any CPU
		{AA039879-8F13-4E6C-B9A4-511750BC96AF}.Debug|Any CPU.ActiveCfg = Debug|Any CPU
		{AA039879-8F13-4E6C-B9A4-511750BC96AF}.Debug|Any CPU.Build.0 = Debug|Any CPU
		{AA039879-8F13-4E6C-B9A4-511750BC96AF}.Debug|Any CPU.Deploy.0 = Debug|Any CPU
		{AA039879-8F13-4E6C-B9A4-511750BC96AF}.Debug|ARM.ActiveCfg = Debug|ARM
		{AA039879-8F13-4E6C-B9A4-511750BC96AF}.Debug|ARM.Build.0 = Debug|ARM
		{AA039879-8F13-4E6C-B9A4-511750BC96AF}.Debug|ARM.Deploy.0 = Debug|ARM
		{AA039879-8F13-4E6C-B9A4-511750BC96AF}.Debug|x86.ActiveCfg = Debug|x86
		{AA039879-8F13-4E6C-B9A4-511750BC96AF}.Debug|x86.Build.0 = Debug|x86
		{AA039879-8F13-4E6C-B9A4-511750BC96AF}.Debug|x86.Deploy.0 = Debug|x86
		{AA039879-8F13-4E6C-B9A4-511750BC96AF}.Release|Any CPU.ActiveCfg = Release|Any CPU
		{AA039879-8F13-4E6C-B9A4-511750BC96AF}.Release|Any CPU.Build.0 = Release|Any CPU
		{AA039879-8F13-4E6C-B9A4-511750BC96AF}.Release|Any CPU.Deploy.0 = Release|Any CPU
		{AA039879-8F13-4E6C-B9A4-511750BC96AF}.Release|ARM.ActiveCfg = Release|ARM
		{AA039879-8F13-4E6C-B9A4-511750BC96AF}.Release|ARM.Build.0 = Release|ARM
		{AA039879-8F13-4E6C-B9A4-511750BC96AF}.Release|ARM.Deploy.0 = Release|ARM
		{AA039879-8F13-4E6C-B9A4-511750BC96AF}.Release|x86.ActiveCfg = Release|x86
		{AA039879-8F13-4E6C-B9A4-511750BC96AF}.Release|x86.Build.0 = Release|x86
		{AA039879-8F13-4E6C-B9A4-511750BC96AF}.Release|x86.Deploy.0 = Release|x86
		{4CBDDBFD-1555-4FA7-AA53-5BE2DECB76F9}.Debug|Any CPU.ActiveCfg = Debug|Any CPU
		{4CBDDBFD-1555-4FA7-AA53-5BE2DECB76F9}.Debug|Any CPU.Build.0 = Debug|Any CPU
		{4CBDDBFD-1555-4FA7-AA53-5BE2DECB76F9}.Debug|ARM.ActiveCfg = Debug|Any CPU
		{4CBDDBFD-1555-4FA7-AA53-5BE2DECB76F9}.Debug|x86.ActiveCfg = Debug|Any CPU
		{4CBDDBFD-1555-4FA7-AA53-5BE2DECB76F9}.Release|Any CPU.ActiveCfg = Release|Any CPU
		{4CBDDBFD-1555-4FA7-AA53-5BE2DECB76F9}.Release|Any CPU.Build.0 = Release|Any CPU
		{4CBDDBFD-1555-4FA7-AA53-5BE2DECB76F9}.Release|ARM.ActiveCfg = Release|Any CPU
		{4CBDDBFD-1555-4FA7-AA53-5BE2DECB76F9}.Release|x86.ActiveCfg = Release|Any CPU
	EndGlobalSection
	GlobalSection(SolutionProperties) = preSolution
		HideSolutionNode = FALSE
	EndGlobalSection
EndGlobal
